[[package]]
name = "click"
version = "8.0.1"
description = "Composable command line interface toolkit"
category = "main"
optional = false
python-versions = ">=3.6"

[package.dependencies]
colorama = {version = "*", markers = "platform_system == \"Windows\""}

[[package]]
name = "colorama"
version = "0.4.4"
description = "Cross-platform colored terminal text."
category = "main"
optional = false
python-versions = ">=2.7, !=3.0.*, !=3.1.*, !=3.2.*, !=3.3.*, !=3.4.*"

[[package]]
name = "commonmark"
version = "0.9.1"
description = "Python parser for the CommonMark Markdown spec"
category = "main"
optional = false
python-versions = "*"

[package.extras]
test = ["flake8 (==3.7.8)", "hypothesis (==3.55.3)"]

[[package]]
name = "maturin"
version = "0.10.6"
description = "Build and publish crates with pyo3, rust-cpython and cffi bindings as well as rust binaries as python packages"
category = "main"
optional = false
python-versions = ">=3.6"

[package.dependencies]
toml = ">=0.10.2,<0.11.0"

[[package]]
name = "pygments"
version = "2.9.0"
description = "Pygments is a syntax highlighting package written in Python."
category = "main"
optional = false
python-versions = ">=3.5"

[[package]]
name = "rich"
version = "10.4.0"
description = "Render rich text, tables, progress bars, syntax highlighting, markdown and more to the terminal"
category = "main"
optional = false
python-versions = ">=3.6,<4.0"

[package.dependencies]
colorama = ">=0.4.0,<0.5.0"
commonmark = ">=0.9.0,<0.10.0"
pygments = ">=2.6.0,<3.0.0"

[package.extras]
jupyter = ["ipywidgets (>=7.5.1,<8.0.0)"]

[[package]]
name = "toml"
version = "0.10.2"
description = "Python Library for Tom's Obvious, Minimal Language"
category = "main"
optional = false
python-versions = ">=2.6, !=3.0.*, !=3.1.*, !=3.2.*"

[metadata]
lock-version = "1.1"
python-versions = "^3.9"
content-hash = "ad4125510672166adccaf70c01d659b9b5f74261068e369c69b65c2eec188844"

[metadata.files]
click = [
    {file = "click-8.0.1-py3-none-any.whl", hash = "sha256:fba402a4a47334742d782209a7c79bc448911afe1149d07bdabdf480b3e2f4b6"},
    {file = "click-8.0.1.tar.gz", hash = "sha256:8c04c11192119b1ef78ea049e0a6f0463e4c48ef00a30160c704337586f3ad7a"},
]
colorama = [
    {file = "colorama-0.4.4-py2.py3-none-any.whl", hash = "sha256:9f47eda37229f68eee03b24b9748937c7dc3868f906e8ba69fbcbdd3bc5dc3e2"},
    {file = "colorama-0.4.4.tar.gz", hash = "sha256:5941b2b48a20143d2267e95b1c2a7603ce057ee39fd88e7329b0c292aa16869b"},
]
commonmark = [
    {file = "commonmark-0.9.1-py2.py3-none-any.whl", hash = "sha256:da2f38c92590f83de410ba1a3cbceafbc74fee9def35f9251ba9a971d6d66fd9"},
    {file = "commonmark-0.9.1.tar.gz", hash = "sha256:452f9dc859be7f06631ddcb328b6919c67984aca654e5fefb3914d54691aed60"},
]
maturin = [
    {file = "maturin-0.10.6-py3-none-macosx_10_7_x86_64.whl", hash = "sha256:4177a223727a0ad57bc3f69ca4c3bc04bb3cc4da787cc59a8e25808c85685c67"},
    {file = "maturin-0.10.6-py3-none-macosx_10_9_x86_64.macosx_11_0_arm64.macosx_10_9_universal2.whl", hash = "sha256:0e81496f70a4805e6ea7dda7b0425246c111ccb119a2e22c64abeff131f4dd21"},
    {file = "maturin-0.10.6-py3-none-manylinux_2_12_i686.manylinux2010_i686.whl", hash = "sha256:a04589da42f62b1d515f35c81274a56fe0d29216894525e8a37fd1e3c69d87b1"},
    {file = "maturin-0.10.6-py3-none-manylinux_2_17_aarch64.manylinux2014_aarch64.whl", hash = "sha256:b58e9e2ba5a3f651d8885c41370a00bb1d3e4d7313cbb63354077153be7650f4"},
    {file = "maturin-0.10.6-py3-none-manylinux_2_17_armv7l.manylinux2014_armv7l.whl", hash = "sha256:3b5d5429bc05a816824420d99973f0cab39d8e274f6c3647bfd9afd95a030304"},
    {file = "maturin-0.10.6-py3-none-manylinux_2_17_ppc64le.manylinux2014_ppc64le.whl", hash = "sha256:4eb4481b6c7d6cac043b969d2eb993c982523e91bb2709f0b09e231cf4846731"},
    {file = "maturin-0.10.6-py3-none-manylinux_2_17_s390x.manylinux2014_s390x.whl", hash = "sha256:d63f2a15f0b8db4e70d9a59766ca240b2c2ee2146ed5e4385a6118d941d68b25"},
    {file = "maturin-0.10.6-py3-none-manylinux_2_5_x86_64.manylinux1_x86_64.whl", hash = "sha256:532625f312185b06ec196fdb0fc79efafc0e98768153d226fb9417c0ca85e410"},
    {file = "maturin-0.10.6-py3-none-win32.whl", hash = "sha256:53ef64a147f8a5241a3e932f2db22b5ae7dc5892dae994da319446c5db89dc94"},
    {file = "maturin-0.10.6-py3-none-win_amd64.whl", hash = "sha256:fa7e1cea2a768257a33aeb556fdec5fc36011bfe82d96730117433c635629dd8"},
    {file = "maturin-0.10.6.tar.gz", hash = "sha256:bd39f7e08eb9908d4fe1cd9b3c953fad5b1fb4fec9c82d14c2973a65751e1899"},
]
pygments = [
    {file = "Pygments-2.9.0-py3-none-any.whl", hash = "sha256:d66e804411278594d764fc69ec36ec13d9ae9147193a1740cd34d272ca383b8e"},
    {file = "Pygments-2.9.0.tar.gz", hash = "sha256:a18f47b506a429f6f4b9df81bb02beab9ca21d0a5fee38ed15aef65f0545519f"},
]
rich = [
    {file = "rich-10.4.0-py3-none-any.whl", hash = "sha256:9fb2404c4e870d4de3837c11d0cd1f26c44725865535caba1379c2343a49f6a1"},
    {file = "rich-10.4.0.tar.gz", hash = "sha256:6e8a3e2c61e6cf6193bfcffbb89865a0973af7779d3ead913fdbbbc33f457c2c"},
]
toml = [
    {file = "toml-0.10.2-py2.py3-none-any.whl", hash = "sha256:806143ae5bfb6a3c6e736a764057db0e6a0e05e338b5630894a5f779cabb4f9b"},
    {file = "toml-0.10.2.tar.gz", hash = "sha256:b3bda1d108d5dd99f4a20d24d9c348e91c4db7ab1b749200bded2f839ccbe68f"},
]
